{
  "lib/ETHFALCON": {
    "rev": "0f9174e443d79946ce59958c52985c9455e4a603"
  },
  "lib/account-abstraction": {
    "tag": {
      "name": "v0.8.0",
      "rev": "4cbc06072cdc19fd60f285c5997f4f7f57a588de"
    }
  },
  "lib/forge-std": {
    "rev": "8ba9031ffcbe25aa0d1224d3ca263a995026e477"
  },
  "lib/openzeppelin-contracts": {
    "tag": {
      "name": "v5.5.0",
      "rev": "fcbae5394ae8ad52d8e580a3477db99814b9d565"
    }
  },
  "lib/secp256r1-verify": {
    "tag": {
      "name": "v0.5.4",
      "rev": "568a840d0a8465d1bcbb6d96b341e946eeffab6c"
    }
  }
}